// !$*UTF8*$!
{
	archiveVersion = 1;
	classes = {
	};
	objectVersion = 46;
	objects = {

/* Begin PBXBuildFile section */
		224A3AAE18F5CFC700166EF7 /* CoreAudio.framework in Frameworks */ = {isa = PBXBuildFile; fileRef = 224A3AAD18F5CFC700166EF7 /* CoreAudio.framework */; };
		224A3AB018F5CFD100166EF7 /* CoreMedia.framework in Frameworks */ = {isa = PBXBuildFile; fileRef = 224A3AAF18F5CFD100166EF7 /* CoreMedia.framework */; };
		224A3AB218F5CFDC00166EF7 /* OpenGLES.framework in Frameworks */ = {isa = PBXBuildFile; fileRef = 224A3AB118F5CFDC00166EF7 /* OpenGLES.framework */; };
		224A3AB418F5CFE500166EF7 /* AVFoundation.framework in Frameworks */ = {isa = PBXBuildFile; fileRef = 224A3AB318F5CFE500166EF7 /* AVFoundation.framework */; };
		2262251C191814AB0019E9F2 /* overlay.xib in Resources */ = {isa = PBXBuildFile; fileRef = 2262251B191814AB0019E9F2 /* overlay.xib */; };
		22DC092C18FCC40800A0E217 /* big add.png in Resources */ = {isa = PBXBuildFile; fileRef = 22DC092B18FCC40800A0E217 /* big add.png */; };
		3C29A4B3191803B900690140 /* DAKeyboardControl.m in Sources */ = {isa = PBXBuildFile; fileRef = 3C29A4B2191803B900690140 /* DAKeyboardControl.m */; };
		3C29A4B81918389700690140 /* TWCommentViewController.m in Sources */ = {isa = PBXBuildFile; fileRef = 3C29A4B71918389700690140 /* TWCommentViewController.m */; };
		3C29A4BB1918451700690140 /* TWTapGestureRecognizer.m in Sources */ = {isa = PBXBuildFile; fileRef = 3C29A4BA1918451700690140 /* TWTapGestureRecognizer.m */; };
		3C29A4BE191846E700690140 /* TWCommentTableViewCell.m in Sources */ = {isa = PBXBuildFile; fileRef = 3C29A4BD191846E700690140 /* TWCommentTableViewCell.m */; };
		3C43DDB9191886CC00F35F65 /* MKAnnotationView+WebCache.m in Sources */ = {isa = PBXBuildFile; fileRef = 3C43DD9D191886CC00F35F65 /* MKAnnotationView+WebCache.m */; };
		3C43DDBA191886CC00F35F65 /* NSData+ImageContentType.m in Sources */ = {isa = PBXBuildFile; fileRef = 3C43DD9F191886CC00F35F65 /* NSData+ImageContentType.m */; };
		3C43DDBB191886CC00F35F65 /* SDImageCache.m in Sources */ = {isa = PBXBuildFile; fileRef = 3C43DDA1191886CC00F35F65 /* SDImageCache.m */; };
		3C43DDBC191886CC00F35F65 /* SDWebImageCompat.m in Sources */ = {isa = PBXBuildFile; fileRef = 3C43DDA3191886CC00F35F65 /* SDWebImageCompat.m */; };
		3C43DDBD191886CC00F35F65 /* SDWebImageDecoder.m in Sources */ = {isa = PBXBuildFile; fileRef = 3C43DDA5191886CC00F35F65 /* SDWebImageDecoder.m */; };
		3C43DDBE191886CC00F35F65 /* SDWebImageDownloader.m in Sources */ = {isa = PBXBuildFile; fileRef = 3C43DDA7191886CC00F35F65 /* SDWebImageDownloader.m */; };
		3C43DDBF191886CC00F35F65 /* SDWebImageDownloaderOperation.m in Sources */ = {isa = PBXBuildFile; fileRef = 3C43DDA9191886CC00F35F65 /* SDWebImageDownloaderOperation.m */; };
		3C43DDC0191886CC00F35F65 /* SDWebImageManager.m in Sources */ = {isa = PBXBuildFile; fileRef = 3C43DDAB191886CC00F35F65 /* SDWebImageManager.m */; };
		3C43DDC1191886CC00F35F65 /* SDWebImagePrefetcher.m in Sources */ = {isa = PBXBuildFile; fileRef = 3C43DDAE191886CC00F35F65 /* SDWebImagePrefetcher.m */; };
		3C43DDC2191886CC00F35F65 /* UIButton+WebCache.m in Sources */ = {isa = PBXBuildFile; fileRef = 3C43DDB0191886CC00F35F65 /* UIButton+WebCache.m */; };
		3C43DDC3191886CC00F35F65 /* UIImage+GIF.m in Sources */ = {isa = PBXBuildFile; fileRef = 3C43DDB2191886CC00F35F65 /* UIImage+GIF.m */; };
		3C43DDC4191886CC00F35F65 /* UIImage+MultiFormat.m in Sources */ = {isa = PBXBuildFile; fileRef = 3C43DDB4191886CC00F35F65 /* UIImage+MultiFormat.m */; };
		3C43DDC5191886CC00F35F65 /* UIImage+WebP.m in Sources */ = {isa = PBXBuildFile; fileRef = 3C43DDB6191886CC00F35F65 /* UIImage+WebP.m */; };
		3C43DDC6191886CC00F35F65 /* UIImageView+WebCache.m in Sources */ = {isa = PBXBuildFile; fileRef = 3C43DDB8191886CC00F35F65 /* UIImageView+WebCache.m */; };
		3C4F135E191B1D9B005D09D2 /* TWCellFrameData.m in Sources */ = {isa = PBXBuildFile; fileRef = 3C4F135D191B1D9B005D09D2 /* TWCellFrameData.m */; };
		3CB7BAB91914676800DDBD5C /* TWFeedTopCell.m in Sources */ = {isa = PBXBuildFile; fileRef = 3CB7BAB81914676800DDBD5C /* TWFeedTopCell.m */; };
		4C3471B318F1C5B400EF0FE8 /* MapKit.framework in Frameworks */ = {isa = PBXBuildFile; fileRef = 4C3471B218F1C5B400EF0FE8 /* MapKit.framework */; };
		6FA62C907DD347BB8D18C6D5 /* libPods.a in Frameworks */ = {isa = PBXBuildFile; fileRef = DE8E33D5D7044F4486779D26 /* libPods.a */; };
		752F477418EB5FF200EC038B /* TWUtility.m in Sources */ = {isa = PBXBuildFile; fileRef = 752F477318EB5FF200EC038B /* TWUtility.m */; };
		752F478418EB875300EC038B /* MobileCoreServices.framework in Frameworks */ = {isa = PBXBuildFile; fileRef = 752F478318EB875300EC038B /* MobileCoreServices.framework */; };
		752F478C18EB877700EC038B /* SystemConfiguration.framework in Frameworks */ = {isa = PBXBuildFile; fileRef = 752F478B18EB877700EC038B /* SystemConfiguration.framework */; };
		753668F318EA2538005ACE73 /* TWCreateTabViewController.m in Sources */ = {isa = PBXBuildFile; fileRef = 753668F218EA2538005ACE73 /* TWCreateTabViewController.m */; };
		753668F618EA254C005ACE73 /* TWProfileTabViewController.m in Sources */ = {isa = PBXBuildFile; fileRef = 753668F518EA254C005ACE73 /* TWProfileTabViewController.m */; };
		753668F918EA27EF005ACE73 /* TWFeedCell.m in Sources */ = {isa = PBXBuildFile; fileRef = 753668F818EA27EF005ACE73 /* TWFeedCell.m */; };
		753668FE18EA3A7B005ACE73 /* TWFeedItemModel.m in Sources */ = {isa = PBXBuildFile; fileRef = 753668FD18EA3A7B005ACE73 /* TWFeedItemModel.m */; };
		7543997018E24EF500C667BD /* Foundation.framework in Frameworks */ = {isa = PBXBuildFile; fileRef = 7543996F18E24EF500C667BD /* Foundation.framework */; };
		7543997418E24EF500C667BD /* UIKit.framework in Frameworks */ = {isa = PBXBuildFile; fileRef = 7543997318E24EF500C667BD /* UIKit.framework */; };
		7543997A18E24EF500C667BD /* InfoPlist.strings in Resources */ = {isa = PBXBuildFile; fileRef = 7543997818E24EF500C667BD /* InfoPlist.strings */; };
		7543997C18E24EF500C667BD /* main.m in Sources */ = {isa = PBXBuildFile; fileRef = 7543997B18E24EF500C667BD /* main.m */; };
		7543998018E24EF500C667BD /* TWAppDelegate.m in Sources */ = {isa = PBXBuildFile; fileRef = 7543997F18E24EF500C667BD /* TWAppDelegate.m */; };
		7543998318E24EF500C667BD /* Main.storyboard in Resources */ = {isa = PBXBuildFile; fileRef = 7543998118E24EF500C667BD /* Main.storyboard */; };
		7543998618E24EF500C667BD /* TWFeedTabViewController.m in Sources */ = {isa = PBXBuildFile; fileRef = 7543998518E24EF500C667BD /* TWFeedTabViewController.m */; };
		7543998918E24EF500C667BD /* TWExploreTabViewController.m in Sources */ = {isa = PBXBuildFile; fileRef = 7543998818E24EF500C667BD /* TWExploreTabViewController.m */; };
		7543998B18E24EF500C667BD /* Images.xcassets in Resources */ = {isa = PBXBuildFile; fileRef = 7543998A18E24EF500C667BD /* Images.xcassets */; };
		7543999218E24EF500C667BD /* XCTest.framework in Frameworks */ = {isa = PBXBuildFile; fileRef = 7543999118E24EF500C667BD /* XCTest.framework */; };
		7543999318E24EF500C667BD /* Foundation.framework in Frameworks */ = {isa = PBXBuildFile; fileRef = 7543996F18E24EF500C667BD /* Foundation.framework */; };
		7543999418E24EF500C667BD /* UIKit.framework in Frameworks */ = {isa = PBXBuildFile; fileRef = 7543997318E24EF500C667BD /* UIKit.framework */; };
		7543999C18E24EF500C667BD /* InfoPlist.strings in Resources */ = {isa = PBXBuildFile; fileRef = 7543999A18E24EF500C667BD /* InfoPlist.strings */; };
		7543999E18E24EF500C667BD /* DateAppClickableDemoTests.m in Sources */ = {isa = PBXBuildFile; fileRef = 7543999D18E24EF500C667BD /* DateAppClickableDemoTests.m */; };
		7560BBDF19207CF700D7CE8B /* TWConstants.m in Sources */ = {isa = PBXBuildFile; fileRef = 7560BBDE19207CF700D7CE8B /* TWConstants.m */; };
		75B0B8A719223BBC00573BA4 /* AMAttributedHighlightLabel.m in Sources */ = {isa = PBXBuildFile; fileRef = 75B0B8A619223BBC00573BA4 /* AMAttributedHighlightLabel.m */; };
		75D519DE18EB943300A15C92 /* CFNetwork.framework in Frameworks */ = {isa = PBXBuildFile; fileRef = 752F477D18EB872C00EC038B /* CFNetwork.framework */; };
		75D519DF18EB944000A15C92 /* CoreGraphics.framework in Frameworks */ = {isa = PBXBuildFile; fileRef = 7543997118E24EF500C667BD /* CoreGraphics.framework */; };
		75D519E018EB945000A15C92 /* CoreLocation.framework in Frameworks */ = {isa = PBXBuildFile; fileRef = 752F477F18EB873E00EC038B /* CoreLocation.framework */; settings = {ATTRIBUTES = (Required, ); }; };
		75D519E118EB945A00A15C92 /* libz.dylib in Frameworks */ = {isa = PBXBuildFile; fileRef = 752F478118EB874900EC038B /* libz.dylib */; };
		75D519E218EB946200A15C92 /* StoreKit.framework in Frameworks */ = {isa = PBXBuildFile; fileRef = 752F478918EB876E00EC038B /* StoreKit.framework */; };
		75D519E318EB946900A15C92 /* Security.framework in Frameworks */ = {isa = PBXBuildFile; fileRef = 752F478718EB876300EC038B /* Security.framework */; };
		75D519E418EB948D00A15C92 /* AudioToolbox.framework in Frameworks */ = {isa = PBXBuildFile; fileRef = 752F477B18EB872300EC038B /* AudioToolbox.framework */; };
		75D519E518EB949E00A15C92 /* QuartzCore.framework in Frameworks */ = {isa = PBXBuildFile; fileRef = 752F478518EB875A00EC038B /* QuartzCore.framework */; };
		75D519E718EB950700A15C92 /* Parse.framework in Frameworks */ = {isa = PBXBuildFile; fileRef = 75D519E618EB950700A15C92 /* Parse.framework */; };
		75F610E2190F0FD1007B7F8E /* generate_constants.py in Resources */ = {isa = PBXBuildFile; fileRef = 75F610E1190F0FD1007B7F8E /* generate_constants.py */; };
		75F610F3190F1585007B7F8E /* NSDate+JBWBuilders.m in Sources */ = {isa = PBXBuildFile; fileRef = 75F610F0190F1585007B7F8E /* NSDate+JBWBuilders.m */; };
		75F610F4190F1585007B7F8E /* NSURL+JBWBuilders.m in Sources */ = {isa = PBXBuildFile; fileRef = 75F610F2190F1585007B7F8E /* NSURL+JBWBuilders.m */; };
		75F610F7190F50FA007B7F8E /* TWFeedDataSource.m in Sources */ = {isa = PBXBuildFile; fileRef = 75F610F6190F50FA007B7F8E /* TWFeedDataSource.m */; };
/* End PBXBuildFile section */

/* Begin PBXContainerItemProxy section */
		7543999518E24EF500C667BD /* PBXContainerItemProxy */ = {
			isa = PBXContainerItemProxy;
			containerPortal = 7543996418E24EF500C667BD /* Project object */;
			proxyType = 1;
			remoteGlobalIDString = 7543996B18E24EF500C667BD;
			remoteInfo = DateAppClickableDemo;
		};
/* End PBXContainerItemProxy section */

/* Begin PBXFileReference section */
		224A3AAD18F5CFC700166EF7 /* CoreAudio.framework */ = {isa = PBXFileReference; lastKnownFileType = wrapper.framework; name = CoreAudio.framework; path = System/Library/Frameworks/CoreAudio.framework; sourceTree = SDKROOT; };
		224A3AAF18F5CFD100166EF7 /* CoreMedia.framework */ = {isa = PBXFileReference; lastKnownFileType = wrapper.framework; name = CoreMedia.framework; path = System/Library/Frameworks/CoreMedia.framework; sourceTree = SDKROOT; };
		224A3AB118F5CFDC00166EF7 /* OpenGLES.framework */ = {isa = PBXFileReference; lastKnownFileType = wrapper.framework; name = OpenGLES.framework; path = System/Library/Frameworks/OpenGLES.framework; sourceTree = SDKROOT; };
		224A3AB318F5CFE500166EF7 /* AVFoundation.framework */ = {isa = PBXFileReference; lastKnownFileType = wrapper.framework; name = AVFoundation.framework; path = System/Library/Frameworks/AVFoundation.framework; sourceTree = SDKROOT; };
		2262251B191814AB0019E9F2 /* overlay.xib */ = {isa = PBXFileReference; fileEncoding = 4; lastKnownFileType = file.xib; path = overlay.xib; sourceTree = "<group>"; };
		22DC092B18FCC40800A0E217 /* big add.png */ = {isa = PBXFileReference; lastKnownFileType = image.png; path = "big add.png"; sourceTree = "<group>"; };
		3C29A4B1191803B900690140 /* DAKeyboardControl.h */ = {isa = PBXFileReference; fileEncoding = 4; lastKnownFileType = sourcecode.c.h; path = DAKeyboardControl.h; sourceTree = "<group>"; };
		3C29A4B2191803B900690140 /* DAKeyboardControl.m */ = {isa = PBXFileReference; fileEncoding = 4; lastKnownFileType = sourcecode.c.objc; path = DAKeyboardControl.m; sourceTree = "<group>"; };
		3C29A4B61918389700690140 /* TWCommentViewController.h */ = {isa = PBXFileReference; fileEncoding = 4; lastKnownFileType = sourcecode.c.h; path = TWCommentViewController.h; sourceTree = "<group>"; };
		3C29A4B71918389700690140 /* TWCommentViewController.m */ = {isa = PBXFileReference; fileEncoding = 4; lastKnownFileType = sourcecode.c.objc; path = TWCommentViewController.m; sourceTree = "<group>"; };
		3C29A4B91918451700690140 /* TWTapGestureRecognizer.h */ = {isa = PBXFileReference; fileEncoding = 4; lastKnownFileType = sourcecode.c.h; path = TWTapGestureRecognizer.h; sourceTree = "<group>"; };
		3C29A4BA1918451700690140 /* TWTapGestureRecognizer.m */ = {isa = PBXFileReference; fileEncoding = 4; lastKnownFileType = sourcecode.c.objc; path = TWTapGestureRecognizer.m; sourceTree = "<group>"; };
		3C29A4BC191846E700690140 /* TWCommentTableViewCell.h */ = {isa = PBXFileReference; fileEncoding = 4; lastKnownFileType = sourcecode.c.h; path = TWCommentTableViewCell.h; sourceTree = "<group>"; };
		3C29A4BD191846E700690140 /* TWCommentTableViewCell.m */ = {isa = PBXFileReference; fileEncoding = 4; lastKnownFileType = sourcecode.c.objc; path = TWCommentTableViewCell.m; sourceTree = "<group>"; };
		3C43DD9C191886CC00F35F65 /* MKAnnotationView+WebCache.h */ = {isa = PBXFileReference; fileEncoding = 4; lastKnownFileType = sourcecode.c.h; path = "MKAnnotationView+WebCache.h"; sourceTree = "<group>"; };
		3C43DD9D191886CC00F35F65 /* MKAnnotationView+WebCache.m */ = {isa = PBXFileReference; fileEncoding = 4; lastKnownFileType = sourcecode.c.objc; path = "MKAnnotationView+WebCache.m"; sourceTree = "<group>"; };
		3C43DD9E191886CC00F35F65 /* NSData+ImageContentType.h */ = {isa = PBXFileReference; fileEncoding = 4; lastKnownFileType = sourcecode.c.h; path = "NSData+ImageContentType.h"; sourceTree = "<group>"; };
		3C43DD9F191886CC00F35F65 /* NSData+ImageContentType.m */ = {isa = PBXFileReference; fileEncoding = 4; lastKnownFileType = sourcecode.c.objc; path = "NSData+ImageContentType.m"; sourceTree = "<group>"; };
		3C43DDA0191886CC00F35F65 /* SDImageCache.h */ = {isa = PBXFileReference; fileEncoding = 4; lastKnownFileType = sourcecode.c.h; path = SDImageCache.h; sourceTree = "<group>"; };
		3C43DDA1191886CC00F35F65 /* SDImageCache.m */ = {isa = PBXFileReference; fileEncoding = 4; lastKnownFileType = sourcecode.c.objc; path = SDImageCache.m; sourceTree = "<group>"; };
		3C43DDA2191886CC00F35F65 /* SDWebImageCompat.h */ = {isa = PBXFileReference; fileEncoding = 4; lastKnownFileType = sourcecode.c.h; path = SDWebImageCompat.h; sourceTree = "<group>"; };
		3C43DDA3191886CC00F35F65 /* SDWebImageCompat.m */ = {isa = PBXFileReference; fileEncoding = 4; lastKnownFileType = sourcecode.c.objc; path = SDWebImageCompat.m; sourceTree = "<group>"; };
		3C43DDA4191886CC00F35F65 /* SDWebImageDecoder.h */ = {isa = PBXFileReference; fileEncoding = 4; lastKnownFileType = sourcecode.c.h; path = SDWebImageDecoder.h; sourceTree = "<group>"; };
		3C43DDA5191886CC00F35F65 /* SDWebImageDecoder.m */ = {isa = PBXFileReference; fileEncoding = 4; lastKnownFileType = sourcecode.c.objc; path = SDWebImageDecoder.m; sourceTree = "<group>"; };
		3C43DDA6191886CC00F35F65 /* SDWebImageDownloader.h */ = {isa = PBXFileReference; fileEncoding = 4; lastKnownFileType = sourcecode.c.h; path = SDWebImageDownloader.h; sourceTree = "<group>"; };
		3C43DDA7191886CC00F35F65 /* SDWebImageDownloader.m */ = {isa = PBXFileReference; fileEncoding = 4; lastKnownFileType = sourcecode.c.objc; path = SDWebImageDownloader.m; sourceTree = "<group>"; };
		3C43DDA8191886CC00F35F65 /* SDWebImageDownloaderOperation.h */ = {isa = PBXFileReference; fileEncoding = 4; lastKnownFileType = sourcecode.c.h; path = SDWebImageDownloaderOperation.h; sourceTree = "<group>"; };
		3C43DDA9191886CC00F35F65 /* SDWebImageDownloaderOperation.m */ = {isa = PBXFileReference; fileEncoding = 4; lastKnownFileType = sourcecode.c.objc; path = SDWebImageDownloaderOperation.m; sourceTree = "<group>"; };
		3C43DDAA191886CC00F35F65 /* SDWebImageManager.h */ = {isa = PBXFileReference; fileEncoding = 4; lastKnownFileType = sourcecode.c.h; path = SDWebImageManager.h; sourceTree = "<group>"; };
		3C43DDAB191886CC00F35F65 /* SDWebImageManager.m */ = {isa = PBXFileReference; fileEncoding = 4; lastKnownFileType = sourcecode.c.objc; path = SDWebImageManager.m; sourceTree = "<group>"; };
		3C43DDAC191886CC00F35F65 /* SDWebImageOperation.h */ = {isa = PBXFileReference; fileEncoding = 4; lastKnownFileType = sourcecode.c.h; path = SDWebImageOperation.h; sourceTree = "<group>"; };
		3C43DDAD191886CC00F35F65 /* SDWebImagePrefetcher.h */ = {isa = PBXFileReference; fileEncoding = 4; lastKnownFileType = sourcecode.c.h; path = SDWebImagePrefetcher.h; sourceTree = "<group>"; };
		3C43DDAE191886CC00F35F65 /* SDWebImagePrefetcher.m */ = {isa = PBXFileReference; fileEncoding = 4; lastKnownFileType = sourcecode.c.objc; path = SDWebImagePrefetcher.m; sourceTree = "<group>"; };
		3C43DDAF191886CC00F35F65 /* UIButton+WebCache.h */ = {isa = PBXFileReference; fileEncoding = 4; lastKnownFileType = sourcecode.c.h; path = "UIButton+WebCache.h"; sourceTree = "<group>"; };
		3C43DDB0191886CC00F35F65 /* UIButton+WebCache.m */ = {isa = PBXFileReference; fileEncoding = 4; lastKnownFileType = sourcecode.c.objc; path = "UIButton+WebCache.m"; sourceTree = "<group>"; };
		3C43DDB1191886CC00F35F65 /* UIImage+GIF.h */ = {isa = PBXFileReference; fileEncoding = 4; lastKnownFileType = sourcecode.c.h; path = "UIImage+GIF.h"; sourceTree = "<group>"; };
		3C43DDB2191886CC00F35F65 /* UIImage+GIF.m */ = {isa = PBXFileReference; fileEncoding = 4; lastKnownFileType = sourcecode.c.objc; path = "UIImage+GIF.m"; sourceTree = "<group>"; };
		3C43DDB3191886CC00F35F65 /* UIImage+MultiFormat.h */ = {isa = PBXFileReference; fileEncoding = 4; lastKnownFileType = sourcecode.c.h; path = "UIImage+MultiFormat.h"; sourceTree = "<group>"; };
		3C43DDB4191886CC00F35F65 /* UIImage+MultiFormat.m */ = {isa = PBXFileReference; fileEncoding = 4; lastKnownFileType = sourcecode.c.objc; path = "UIImage+MultiFormat.m"; sourceTree = "<group>"; };
		3C43DDB5191886CC00F35F65 /* UIImage+WebP.h */ = {isa = PBXFileReference; fileEncoding = 4; lastKnownFileType = sourcecode.c.h; path = "UIImage+WebP.h"; sourceTree = "<group>"; };
		3C43DDB6191886CC00F35F65 /* UIImage+WebP.m */ = {isa = PBXFileReference; fileEncoding = 4; lastKnownFileType = sourcecode.c.objc; path = "UIImage+WebP.m"; sourceTree = "<group>"; };
		3C43DDB7191886CC00F35F65 /* UIImageView+WebCache.h */ = {isa = PBXFileReference; fileEncoding = 4; lastKnownFileType = sourcecode.c.h; path = "UIImageView+WebCache.h"; sourceTree = "<group>"; };
		3C43DDB8191886CC00F35F65 /* UIImageView+WebCache.m */ = {isa = PBXFileReference; fileEncoding = 4; lastKnownFileType = sourcecode.c.objc; path = "UIImageView+WebCache.m"; sourceTree = "<group>"; };
		3C4F135C191B1D9B005D09D2 /* TWCellFrameData.h */ = {isa = PBXFileReference; fileEncoding = 4; lastKnownFileType = sourcecode.c.h; path = TWCellFrameData.h; sourceTree = "<group>"; };
		3C4F135D191B1D9B005D09D2 /* TWCellFrameData.m */ = {isa = PBXFileReference; fileEncoding = 4; lastKnownFileType = sourcecode.c.objc; path = TWCellFrameData.m; sourceTree = "<group>"; };
		3CB7BAB71914676800DDBD5C /* TWFeedTopCell.h */ = {isa = PBXFileReference; fileEncoding = 4; lastKnownFileType = sourcecode.c.h; path = TWFeedTopCell.h; sourceTree = "<group>"; };
		3CB7BAB81914676800DDBD5C /* TWFeedTopCell.m */ = {isa = PBXFileReference; fileEncoding = 4; lastKnownFileType = sourcecode.c.objc; path = TWFeedTopCell.m; sourceTree = "<group>"; };
		4C3471B218F1C5B400EF0FE8 /* MapKit.framework */ = {isa = PBXFileReference; lastKnownFileType = wrapper.framework; name = MapKit.framework; path = System/Library/Frameworks/MapKit.framework; sourceTree = SDKROOT; };
		752F477218EB5FF200EC038B /* TWUtility.h */ = {isa = PBXFileReference; fileEncoding = 4; lastKnownFileType = sourcecode.c.h; path = TWUtility.h; sourceTree = "<group>"; };
		752F477318EB5FF200EC038B /* TWUtility.m */ = {isa = PBXFileReference; fileEncoding = 4; lastKnownFileType = sourcecode.c.objc; path = TWUtility.m; sourceTree = "<group>"; };
		752F477B18EB872300EC038B /* AudioToolbox.framework */ = {isa = PBXFileReference; lastKnownFileType = wrapper.framework; name = AudioToolbox.framework; path = System/Library/Frameworks/AudioToolbox.framework; sourceTree = SDKROOT; };
		752F477D18EB872C00EC038B /* CFNetwork.framework */ = {isa = PBXFileReference; lastKnownFileType = wrapper.framework; name = CFNetwork.framework; path = System/Library/Frameworks/CFNetwork.framework; sourceTree = SDKROOT; };
		752F477F18EB873E00EC038B /* CoreLocation.framework */ = {isa = PBXFileReference; lastKnownFileType = wrapper.framework; name = CoreLocation.framework; path = System/Library/Frameworks/CoreLocation.framework; sourceTree = SDKROOT; };
		752F478118EB874900EC038B /* libz.dylib */ = {isa = PBXFileReference; lastKnownFileType = "compiled.mach-o.dylib"; name = libz.dylib; path = usr/lib/libz.dylib; sourceTree = SDKROOT; };
		752F478318EB875300EC038B /* MobileCoreServices.framework */ = {isa = PBXFileReference; lastKnownFileType = wrapper.framework; name = MobileCoreServices.framework; path = System/Library/Frameworks/MobileCoreServices.framework; sourceTree = SDKROOT; };
		752F478518EB875A00EC038B /* QuartzCore.framework */ = {isa = PBXFileReference; lastKnownFileType = wrapper.framework; name = QuartzCore.framework; path = System/Library/Frameworks/QuartzCore.framework; sourceTree = SDKROOT; };
		752F478718EB876300EC038B /* Security.framework */ = {isa = PBXFileReference; lastKnownFileType = wrapper.framework; name = Security.framework; path = System/Library/Frameworks/Security.framework; sourceTree = SDKROOT; };
		752F478918EB876E00EC038B /* StoreKit.framework */ = {isa = PBXFileReference; lastKnownFileType = wrapper.framework; name = StoreKit.framework; path = System/Library/Frameworks/StoreKit.framework; sourceTree = SDKROOT; };
		752F478B18EB877700EC038B /* SystemConfiguration.framework */ = {isa = PBXFileReference; lastKnownFileType = wrapper.framework; name = SystemConfiguration.framework; path = System/Library/Frameworks/SystemConfiguration.framework; sourceTree = SDKROOT; };
		753668F118EA2538005ACE73 /* TWCreateTabViewController.h */ = {isa = PBXFileReference; fileEncoding = 4; lastKnownFileType = sourcecode.c.h; path = TWCreateTabViewController.h; sourceTree = "<group>"; };
		753668F218EA2538005ACE73 /* TWCreateTabViewController.m */ = {isa = PBXFileReference; fileEncoding = 4; lastKnownFileType = sourcecode.c.objc; path = TWCreateTabViewController.m; sourceTree = "<group>"; };
		753668F418EA254C005ACE73 /* TWProfileTabViewController.h */ = {isa = PBXFileReference; fileEncoding = 4; lastKnownFileType = sourcecode.c.h; path = TWProfileTabViewController.h; sourceTree = "<group>"; };
		753668F518EA254C005ACE73 /* TWProfileTabViewController.m */ = {isa = PBXFileReference; fileEncoding = 4; lastKnownFileType = sourcecode.c.objc; path = TWProfileTabViewController.m; sourceTree = "<group>"; };
		753668F718EA27EF005ACE73 /* TWFeedCell.h */ = {isa = PBXFileReference; fileEncoding = 4; lastKnownFileType = sourcecode.c.h; path = TWFeedCell.h; sourceTree = "<group>"; };
		753668F818EA27EF005ACE73 /* TWFeedCell.m */ = {isa = PBXFileReference; fileEncoding = 4; lastKnownFileType = sourcecode.c.objc; path = TWFeedCell.m; sourceTree = "<group>"; };
		753668FC18EA3A7B005ACE73 /* TWFeedItemModel.h */ = {isa = PBXFileReference; fileEncoding = 4; lastKnownFileType = sourcecode.c.h; path = TWFeedItemModel.h; sourceTree = "<group>"; };
		753668FD18EA3A7B005ACE73 /* TWFeedItemModel.m */ = {isa = PBXFileReference; fileEncoding = 4; lastKnownFileType = sourcecode.c.objc; path = TWFeedItemModel.m; sourceTree = "<group>"; };
		7543996C18E24EF500C667BD /* DateAppClickableDemo.app */ = {isa = PBXFileReference; explicitFileType = wrapper.application; includeInIndex = 0; path = DateAppClickableDemo.app; sourceTree = BUILT_PRODUCTS_DIR; };
		7543996F18E24EF500C667BD /* Foundation.framework */ = {isa = PBXFileReference; lastKnownFileType = wrapper.framework; name = Foundation.framework; path = System/Library/Frameworks/Foundation.framework; sourceTree = SDKROOT; };
		7543997118E24EF500C667BD /* CoreGraphics.framework */ = {isa = PBXFileReference; lastKnownFileType = wrapper.framework; name = CoreGraphics.framework; path = System/Library/Frameworks/CoreGraphics.framework; sourceTree = SDKROOT; };
		7543997318E24EF500C667BD /* UIKit.framework */ = {isa = PBXFileReference; lastKnownFileType = wrapper.framework; name = UIKit.framework; path = System/Library/Frameworks/UIKit.framework; sourceTree = SDKROOT; };
		7543997718E24EF500C667BD /* DateAppClickableDemo-Info.plist */ = {isa = PBXFileReference; lastKnownFileType = text.plist.xml; path = "DateAppClickableDemo-Info.plist"; sourceTree = "<group>"; };
		7543997918E24EF500C667BD /* en */ = {isa = PBXFileReference; lastKnownFileType = text.plist.strings; name = en; path = en.lproj/InfoPlist.strings; sourceTree = "<group>"; };
		7543997B18E24EF500C667BD /* main.m */ = {isa = PBXFileReference; lastKnownFileType = sourcecode.c.objc; path = main.m; sourceTree = "<group>"; };
		7543997D18E24EF500C667BD /* DateAppClickableDemo-Prefix.pch */ = {isa = PBXFileReference; lastKnownFileType = sourcecode.c.h; path = "DateAppClickableDemo-Prefix.pch"; sourceTree = "<group>"; };
		7543997E18E24EF500C667BD /* TWAppDelegate.h */ = {isa = PBXFileReference; lastKnownFileType = sourcecode.c.h; path = TWAppDelegate.h; sourceTree = "<group>"; };
		7543997F18E24EF500C667BD /* TWAppDelegate.m */ = {isa = PBXFileReference; lastKnownFileType = sourcecode.c.objc; path = TWAppDelegate.m; sourceTree = "<group>"; };
		7543998218E24EF500C667BD /* Base */ = {isa = PBXFileReference; lastKnownFileType = file.storyboard; name = Base; path = Base.lproj/Main.storyboard; sourceTree = "<group>"; };
		7543998418E24EF500C667BD /* TWFeedTabViewController.h */ = {isa = PBXFileReference; lastKnownFileType = sourcecode.c.h; path = TWFeedTabViewController.h; sourceTree = "<group>"; };
		7543998518E24EF500C667BD /* TWFeedTabViewController.m */ = {isa = PBXFileReference; lastKnownFileType = sourcecode.c.objc; path = TWFeedTabViewController.m; sourceTree = "<group>"; };
		7543998718E24EF500C667BD /* TWExploreTabViewController.h */ = {isa = PBXFileReference; lastKnownFileType = sourcecode.c.h; path = TWExploreTabViewController.h; sourceTree = "<group>"; };
		7543998818E24EF500C667BD /* TWExploreTabViewController.m */ = {isa = PBXFileReference; lastKnownFileType = sourcecode.c.objc; path = TWExploreTabViewController.m; sourceTree = "<group>"; };
		7543998A18E24EF500C667BD /* Images.xcassets */ = {isa = PBXFileReference; lastKnownFileType = folder.assetcatalog; path = Images.xcassets; sourceTree = "<group>"; };
		7543999018E24EF500C667BD /* DateAppClickableDemoTests.xctest */ = {isa = PBXFileReference; explicitFileType = wrapper.cfbundle; includeInIndex = 0; path = DateAppClickableDemoTests.xctest; sourceTree = BUILT_PRODUCTS_DIR; };
		7543999118E24EF500C667BD /* XCTest.framework */ = {isa = PBXFileReference; lastKnownFileType = wrapper.framework; name = XCTest.framework; path = Library/Frameworks/XCTest.framework; sourceTree = DEVELOPER_DIR; };
		7543999918E24EF500C667BD /* DateAppClickableDemoTests-Info.plist */ = {isa = PBXFileReference; lastKnownFileType = text.plist.xml; path = "DateAppClickableDemoTests-Info.plist"; sourceTree = "<group>"; };
		7543999B18E24EF500C667BD /* en */ = {isa = PBXFileReference; lastKnownFileType = text.plist.strings; name = en; path = en.lproj/InfoPlist.strings; sourceTree = "<group>"; };
		7543999D18E24EF500C667BD /* DateAppClickableDemoTests.m */ = {isa = PBXFileReference; lastKnownFileType = sourcecode.c.objc; path = DateAppClickableDemoTests.m; sourceTree = "<group>"; };
		7560BBDD19207CF700D7CE8B /* TWConstants.h */ = {isa = PBXFileReference; fileEncoding = 4; lastKnownFileType = sourcecode.c.h; path = TWConstants.h; sourceTree = "<group>"; };
		7560BBDE19207CF700D7CE8B /* TWConstants.m */ = {isa = PBXFileReference; fileEncoding = 4; lastKnownFileType = sourcecode.c.objc; path = TWConstants.m; sourceTree = "<group>"; };
		75B0B8A619223BBC00573BA4 /* AMAttributedHighlightLabel.m */ = {isa = PBXFileReference; lastKnownFileType = sourcecode.c.objc; name = AMAttributedHighlightLabel.m; path = Pods/AMAttributedHighlightLabel/AMAttributedHighlightLabel/AMAttributedHighlightLabel.m; sourceTree = "<group>"; };
		75D519E618EB950700A15C92 /* Parse.framework */ = {isa = PBXFileReference; lastKnownFileType = wrapper.framework; path = Parse.framework; sourceTree = "<group>"; };
		75F610E1190F0FD1007B7F8E /* generate_constants.py */ = {isa = PBXFileReference; fileEncoding = 4; lastKnownFileType = text.script.python; path = generate_constants.py; sourceTree = "<group>"; };
		75F610EF190F1585007B7F8E /* NSDate+JBWBuilders.h */ = {isa = PBXFileReference; fileEncoding = 4; lastKnownFileType = sourcecode.c.h; path = "NSDate+JBWBuilders.h"; sourceTree = "<group>"; };
		75F610F0190F1585007B7F8E /* NSDate+JBWBuilders.m */ = {isa = PBXFileReference; fileEncoding = 4; lastKnownFileType = sourcecode.c.objc; path = "NSDate+JBWBuilders.m"; sourceTree = "<group>"; };
		75F610F1190F1585007B7F8E /* NSURL+JBWBuilders.h */ = {isa = PBXFileReference; fileEncoding = 4; lastKnownFileType = sourcecode.c.h; path = "NSURL+JBWBuilders.h"; sourceTree = "<group>"; };
		75F610F2190F1585007B7F8E /* NSURL+JBWBuilders.m */ = {isa = PBXFileReference; fileEncoding = 4; lastKnownFileType = sourcecode.c.objc; path = "NSURL+JBWBuilders.m"; sourceTree = "<group>"; };
		75F610F5190F50FA007B7F8E /* TWFeedDataSource.h */ = {isa = PBXFileReference; fileEncoding = 4; lastKnownFileType = sourcecode.c.h; path = TWFeedDataSource.h; sourceTree = "<group>"; };
		75F610F6190F50FA007B7F8E /* TWFeedDataSource.m */ = {isa = PBXFileReference; fileEncoding = 4; lastKnownFileType = sourcecode.c.objc; path = TWFeedDataSource.m; sourceTree = "<group>"; };
		95662B69D2CD451F97A4C8DD /* Pods.xcconfig */ = {isa = PBXFileReference; includeInIndex = 1; lastKnownFileType = text.xcconfig; name = Pods.xcconfig; path = Pods/Pods.xcconfig; sourceTree = "<group>"; };
		DE8E33D5D7044F4486779D26 /* libPods.a */ = {isa = PBXFileReference; explicitFileType = archive.ar; includeInIndex = 0; path = libPods.a; sourceTree = BUILT_PRODUCTS_DIR; };
/* End PBXFileReference section */

/* Begin PBXFrameworksBuildPhase section */
		7543996918E24EF500C667BD /* Frameworks */ = {
			isa = PBXFrameworksBuildPhase;
			buildActionMask = 2147483647;
			files = (
				75D519E218EB946200A15C92 /* StoreKit.framework in Frameworks */,
				75D519E018EB945000A15C92 /* CoreLocation.framework in Frameworks */,
				75D519E518EB949E00A15C92 /* QuartzCore.framework in Frameworks */,
				224A3AB418F5CFE500166EF7 /* AVFoundation.framework in Frameworks */,
				224A3AB218F5CFDC00166EF7 /* OpenGLES.framework in Frameworks */,
				224A3AB018F5CFD100166EF7 /* CoreMedia.framework in Frameworks */,
				224A3AAE18F5CFC700166EF7 /* CoreAudio.framework in Frameworks */,
				4C3471B318F1C5B400EF0FE8 /* MapKit.framework in Frameworks */,
				75D519E418EB948D00A15C92 /* AudioToolbox.framework in Frameworks */,
				75D519E318EB946900A15C92 /* Security.framework in Frameworks */,
				75D519E118EB945A00A15C92 /* libz.dylib in Frameworks */,
				75D519E718EB950700A15C92 /* Parse.framework in Frameworks */,
				75D519DF18EB944000A15C92 /* CoreGraphics.framework in Frameworks */,
				75D519DE18EB943300A15C92 /* CFNetwork.framework in Frameworks */,
				752F478C18EB877700EC038B /* SystemConfiguration.framework in Frameworks */,
				752F478418EB875300EC038B /* MobileCoreServices.framework in Frameworks */,
				7543997418E24EF500C667BD /* UIKit.framework in Frameworks */,
				7543997018E24EF500C667BD /* Foundation.framework in Frameworks */,
				6FA62C907DD347BB8D18C6D5 /* libPods.a in Frameworks */,
			);
			runOnlyForDeploymentPostprocessing = 0;
		};
		7543998D18E24EF500C667BD /* Frameworks */ = {
			isa = PBXFrameworksBuildPhase;
			buildActionMask = 2147483647;
			files = (
				7543999218E24EF500C667BD /* XCTest.framework in Frameworks */,
				7543999418E24EF500C667BD /* UIKit.framework in Frameworks */,
				7543999318E24EF500C667BD /* Foundation.framework in Frameworks */,
			);
			runOnlyForDeploymentPostprocessing = 0;
		};
/* End PBXFrameworksBuildPhase section */

/* Begin PBXGroup section */
		3C29A4B0191803B900690140 /* DAKeyboardControl */ = {
			isa = PBXGroup;
			children = (
				3C29A4B1191803B900690140 /* DAKeyboardControl.h */,
				3C29A4B2191803B900690140 /* DAKeyboardControl.m */,
			);
			path = DAKeyboardControl;
			sourceTree = SOURCE_ROOT;
		};
		3C43DD9B191886CC00F35F65 /* SDWebImage */ = {
			isa = PBXGroup;
			children = (
				3C43DD9C191886CC00F35F65 /* MKAnnotationView+WebCache.h */,
				3C43DD9D191886CC00F35F65 /* MKAnnotationView+WebCache.m */,
				3C43DD9E191886CC00F35F65 /* NSData+ImageContentType.h */,
				3C43DD9F191886CC00F35F65 /* NSData+ImageContentType.m */,
				3C43DDA0191886CC00F35F65 /* SDImageCache.h */,
				3C43DDA1191886CC00F35F65 /* SDImageCache.m */,
				3C43DDA2191886CC00F35F65 /* SDWebImageCompat.h */,
				3C43DDA3191886CC00F35F65 /* SDWebImageCompat.m */,
				3C43DDA4191886CC00F35F65 /* SDWebImageDecoder.h */,
				3C43DDA5191886CC00F35F65 /* SDWebImageDecoder.m */,
				3C43DDA6191886CC00F35F65 /* SDWebImageDownloader.h */,
				3C43DDA7191886CC00F35F65 /* SDWebImageDownloader.m */,
				3C43DDA8191886CC00F35F65 /* SDWebImageDownloaderOperation.h */,
				3C43DDA9191886CC00F35F65 /* SDWebImageDownloaderOperation.m */,
				3C43DDAA191886CC00F35F65 /* SDWebImageManager.h */,
				3C43DDAB191886CC00F35F65 /* SDWebImageManager.m */,
				3C43DDAC191886CC00F35F65 /* SDWebImageOperation.h */,
				3C43DDAD191886CC00F35F65 /* SDWebImagePrefetcher.h */,
				3C43DDAE191886CC00F35F65 /* SDWebImagePrefetcher.m */,
				3C43DDAF191886CC00F35F65 /* UIButton+WebCache.h */,
				3C43DDB0191886CC00F35F65 /* UIButton+WebCache.m */,
				3C43DDB1191886CC00F35F65 /* UIImage+GIF.h */,
				3C43DDB2191886CC00F35F65 /* UIImage+GIF.m */,
				3C43DDB3191886CC00F35F65 /* UIImage+MultiFormat.h */,
				3C43DDB4191886CC00F35F65 /* UIImage+MultiFormat.m */,
				3C43DDB5191886CC00F35F65 /* UIImage+WebP.h */,
				3C43DDB6191886CC00F35F65 /* UIImage+WebP.m */,
				3C43DDB7191886CC00F35F65 /* UIImageView+WebCache.h */,
				3C43DDB8191886CC00F35F65 /* UIImageView+WebCache.m */,
			);
			path = SDWebImage;
			sourceTree = SOURCE_ROOT;
		};
		7543996318E24EF500C667BD = {
			isa = PBXGroup;
			children = (
				75B0B8A619223BBC00573BA4 /* AMAttributedHighlightLabel.m */,
				7543997518E24EF500C667BD /* DateAppClickableDemo */,
				7543999718E24EF500C667BD /* DateAppClickableDemoTests */,
				7543996E18E24EF500C667BD /* Frameworks */,
				7543996D18E24EF500C667BD /* Products */,
				75F610E0190F0FD1007B7F8E /* Scripts */,
				95662B69D2CD451F97A4C8DD /* Pods.xcconfig */,
			);
			sourceTree = "<group>";
		};
		7543996D18E24EF500C667BD /* Products */ = {
			isa = PBXGroup;
			children = (
				7543996C18E24EF500C667BD /* DateAppClickableDemo.app */,
				7543999018E24EF500C667BD /* DateAppClickableDemoTests.xctest */,
			);
			name = Products;
			sourceTree = "<group>";
		};
		7543996E18E24EF500C667BD /* Frameworks */ = {
			isa = PBXGroup;
			children = (
				224A3AB318F5CFE500166EF7 /* AVFoundation.framework */,
				224A3AB118F5CFDC00166EF7 /* OpenGLES.framework */,
				224A3AAF18F5CFD100166EF7 /* CoreMedia.framework */,
				224A3AAD18F5CFC700166EF7 /* CoreAudio.framework */,
				4C3471B218F1C5B400EF0FE8 /* MapKit.framework */,
				75D519E618EB950700A15C92 /* Parse.framework */,
				752F478B18EB877700EC038B /* SystemConfiguration.framework */,
				752F478918EB876E00EC038B /* StoreKit.framework */,
				752F478718EB876300EC038B /* Security.framework */,
				752F478518EB875A00EC038B /* QuartzCore.framework */,
				752F478318EB875300EC038B /* MobileCoreServices.framework */,
				752F478118EB874900EC038B /* libz.dylib */,
				752F477F18EB873E00EC038B /* CoreLocation.framework */,
				752F477D18EB872C00EC038B /* CFNetwork.framework */,
				752F477B18EB872300EC038B /* AudioToolbox.framework */,
				7543996F18E24EF500C667BD /* Foundation.framework */,
				7543997118E24EF500C667BD /* CoreGraphics.framework */,
				7543997318E24EF500C667BD /* UIKit.framework */,
				7543999118E24EF500C667BD /* XCTest.framework */,
				DE8E33D5D7044F4486779D26 /* libPods.a */,
			);
			name = Frameworks;
			sourceTree = "<group>";
		};
		7543997518E24EF500C667BD /* DateAppClickableDemo */ = {
			isa = PBXGroup;
			children = (
				3C43DD9B191886CC00F35F65 /* SDWebImage */,
				3C29A4B0191803B900690140 /* DAKeyboardControl */,
				75F610EE190F1585007B7F8E /* JBWBuilders */,
				75F610E3190F1038007B7F8E /* generated */,
				752F477218EB5FF200EC038B /* TWUtility.h */,
				752F477318EB5FF200EC038B /* TWUtility.m */,
				7543997E18E24EF500C667BD /* TWAppDelegate.h */,
				7543997F18E24EF500C667BD /* TWAppDelegate.m */,
				7543998118E24EF500C667BD /* Main.storyboard */,
				7543998418E24EF500C667BD /* TWFeedTabViewController.h */,
				7543998518E24EF500C667BD /* TWFeedTabViewController.m */,
				3C4F135C191B1D9B005D09D2 /* TWCellFrameData.h */,
				3C4F135D191B1D9B005D09D2 /* TWCellFrameData.m */,
				3CB7BAB71914676800DDBD5C /* TWFeedTopCell.h */,
				3CB7BAB81914676800DDBD5C /* TWFeedTopCell.m */,
				753668FC18EA3A7B005ACE73 /* TWFeedItemModel.h */,
				753668FD18EA3A7B005ACE73 /* TWFeedItemModel.m */,
				753668F718EA27EF005ACE73 /* TWFeedCell.h */,
				753668F818EA27EF005ACE73 /* TWFeedCell.m */,
				3C29A4B61918389700690140 /* TWCommentViewController.h */,
				3C29A4B71918389700690140 /* TWCommentViewController.m */,
				3C29A4B91918451700690140 /* TWTapGestureRecognizer.h */,
				3C29A4BA1918451700690140 /* TWTapGestureRecognizer.m */,
				3C29A4BC191846E700690140 /* TWCommentTableViewCell.h */,
				3C29A4BD191846E700690140 /* TWCommentTableViewCell.m */,
				7543998718E24EF500C667BD /* TWExploreTabViewController.h */,
				7543998818E24EF500C667BD /* TWExploreTabViewController.m */,
				753668F418EA254C005ACE73 /* TWProfileTabViewController.h */,
				753668F518EA254C005ACE73 /* TWProfileTabViewController.m */,
				753668F118EA2538005ACE73 /* TWCreateTabViewController.h */,
				753668F218EA2538005ACE73 /* TWCreateTabViewController.m */,
				2262251B191814AB0019E9F2 /* overlay.xib */,
				7543998A18E24EF500C667BD /* Images.xcassets */,
				22DC092B18FCC40800A0E217 /* big add.png */,
				7543997618E24EF500C667BD /* Supporting Files */,
				75F610F5190F50FA007B7F8E /* TWFeedDataSource.h */,
				75F610F6190F50FA007B7F8E /* TWFeedDataSource.m */,
				7560BBDD19207CF700D7CE8B /* TWConstants.h */,
				7560BBDE19207CF700D7CE8B /* TWConstants.m */,
			);
			path = DateAppClickableDemo;
			sourceTree = "<group>";
		};
		7543997618E24EF500C667BD /* Supporting Files */ = {
			isa = PBXGroup;
			children = (
				7543997718E24EF500C667BD /* DateAppClickableDemo-Info.plist */,
				7543997818E24EF500C667BD /* InfoPlist.strings */,
				7543997B18E24EF500C667BD /* main.m */,
				7543997D18E24EF500C667BD /* DateAppClickableDemo-Prefix.pch */,
			);
			name = "Supporting Files";
			sourceTree = "<group>";
		};
		7543999718E24EF500C667BD /* DateAppClickableDemoTests */ = {
			isa = PBXGroup;
			children = (
				7543999D18E24EF500C667BD /* DateAppClickableDemoTests.m */,
				7543999818E24EF500C667BD /* Supporting Files */,
			);
			path = DateAppClickableDemoTests;
			sourceTree = "<group>";
		};
		7543999818E24EF500C667BD /* Supporting Files */ = {
			isa = PBXGroup;
			children = (
				7543999918E24EF500C667BD /* DateAppClickableDemoTests-Info.plist */,
				7543999A18E24EF500C667BD /* InfoPlist.strings */,
			);
			name = "Supporting Files";
			sourceTree = "<group>";
		};
		75F610E0190F0FD1007B7F8E /* Scripts */ = {
			isa = PBXGroup;
			children = (
				75F610E1190F0FD1007B7F8E /* generate_constants.py */,
			);
			path = Scripts;
			sourceTree = "<group>";
		};
		75F610E3190F1038007B7F8E /* generated */ = {
			isa = PBXGroup;
			children = (
			);
			path = generated;
			sourceTree = "<group>";
		};
		75F610EE190F1585007B7F8E /* JBWBuilders */ = {
			isa = PBXGroup;
			children = (
				75F610EF190F1585007B7F8E /* NSDate+JBWBuilders.h */,
				75F610F0190F1585007B7F8E /* NSDate+JBWBuilders.m */,
				75F610F1190F1585007B7F8E /* NSURL+JBWBuilders.h */,
				75F610F2190F1585007B7F8E /* NSURL+JBWBuilders.m */,
			);
			path = JBWBuilders;
			sourceTree = "<group>";
		};
/* End PBXGroup section */

/* Begin PBXNativeTarget section */
		7543996B18E24EF500C667BD /* DateAppClickableDemo */ = {
			isa = PBXNativeTarget;
			buildConfigurationList = 754399A118E24EF600C667BD /* Build configuration list for PBXNativeTarget "DateAppClickableDemo" */;
			buildPhases = (
				15F2F34027FB4A858005E0EA /* Check Pods Manifest.lock */,
				7543996818E24EF500C667BD /* Sources */,
				7543996918E24EF500C667BD /* Frameworks */,
				7543996A18E24EF500C667BD /* Resources */,
				5F47B1D9ED4B442C96B30EED /* Copy Pods Resources */,
				7588976B190DC31900630D9D /* Display unfinished TODOs and FIXMEs as compiler warnings */,
				7588976E190DC4B100630D9D /* Set Build Version Number based on number of new commits */,
				7588976F190DC5A100630D9D /* Create Icon with Version Number in It */,
				7540210A190F0CC800C19DF9 /* Generate Storyboard ID Constants */,
			);
			buildRules = (
			);
			dependencies = (
			);
			name = DateAppClickableDemo;
			productName = DateAppClickableDemo;
			productReference = 7543996C18E24EF500C667BD /* DateAppClickableDemo.app */;
			productType = "com.apple.product-type.application";
		};
		7543998F18E24EF500C667BD /* DateAppClickableDemoTests */ = {
			isa = PBXNativeTarget;
			buildConfigurationList = 754399A418E24EF600C667BD /* Build configuration list for PBXNativeTarget "DateAppClickableDemoTests" */;
			buildPhases = (
				7543998C18E24EF500C667BD /* Sources */,
				7543998D18E24EF500C667BD /* Frameworks */,
				7543998E18E24EF500C667BD /* Resources */,
			);
			buildRules = (
			);
			dependencies = (
				7543999618E24EF500C667BD /* PBXTargetDependency */,
			);
			name = DateAppClickableDemoTests;
			productName = DateAppClickableDemoTests;
			productReference = 7543999018E24EF500C667BD /* DateAppClickableDemoTests.xctest */;
			productType = "com.apple.product-type.bundle.unit-test";
		};
/* End PBXNativeTarget section */

/* Begin PBXProject section */
		7543996418E24EF500C667BD /* Project object */ = {
			isa = PBXProject;
			attributes = {
				CLASSPREFIX = TW;
				LastUpgradeCheck = 0510;
				ORGANIZATIONNAME = "Thomas Wrenn";
				TargetAttributes = {
					7543996B18E24EF500C667BD = {
						DevelopmentTeam = 6QN349HHUB;
					};
					7543998F18E24EF500C667BD = {
						TestTargetID = 7543996B18E24EF500C667BD;
					};
				};
			};
			buildConfigurationList = 7543996718E24EF500C667BD /* Build configuration list for PBXProject "DateAppClickableDemo" */;
			compatibilityVersion = "Xcode 3.2";
			developmentRegion = English;
			hasScannedForEncodings = 0;
			knownRegions = (
				en,
				Base,
			);
			mainGroup = 7543996318E24EF500C667BD;
			productRefGroup = 7543996D18E24EF500C667BD /* Products */;
			projectDirPath = "";
			projectRoot = "";
			targets = (
				7543996B18E24EF500C667BD /* DateAppClickableDemo */,
				7543998F18E24EF500C667BD /* DateAppClickableDemoTests */,
			);
		};
/* End PBXProject section */

/* Begin PBXResourcesBuildPhase section */
		7543996A18E24EF500C667BD /* Resources */ = {
			isa = PBXResourcesBuildPhase;
			buildActionMask = 2147483647;
			files = (
				2262251C191814AB0019E9F2 /* overlay.xib in Resources */,
				7543998B18E24EF500C667BD /* Images.xcassets in Resources */,
				22DC092C18FCC40800A0E217 /* big add.png in Resources */,
				7543997A18E24EF500C667BD /* InfoPlist.strings in Resources */,
				75F610E2190F0FD1007B7F8E /* generate_constants.py in Resources */,
				7543998318E24EF500C667BD /* Main.storyboard in Resources */,
			);
			runOnlyForDeploymentPostprocessing = 0;
		};
		7543998E18E24EF500C667BD /* Resources */ = {
			isa = PBXResourcesBuildPhase;
			buildActionMask = 2147483647;
			files = (
				7543999C18E24EF500C667BD /* InfoPlist.strings in Resources */,
			);
			runOnlyForDeploymentPostprocessing = 0;
		};
/* End PBXResourcesBuildPhase section */

/* Begin PBXShellScriptBuildPhase section */
		15F2F34027FB4A858005E0EA /* Check Pods Manifest.lock */ = {
			isa = PBXShellScriptBuildPhase;
			buildActionMask = 2147483647;
			files = (
			);
			inputPaths = (
			);
			name = "Check Pods Manifest.lock";
			outputPaths = (
			);
			runOnlyForDeploymentPostprocessing = 0;
			shellPath = /bin/sh;
			shellScript = "diff \"${PODS_ROOT}/../Podfile.lock\" \"${PODS_ROOT}/Manifest.lock\" > /dev/null\nif [[ $? != 0 ]] ; then\n    cat << EOM\nerror: The sandbox is not in sync with the Podfile.lock. Run 'pod install' or update your CocoaPods installation.\nEOM\n    exit 1\nfi\n";
			showEnvVarsInLog = 0;
		};
		5F47B1D9ED4B442C96B30EED /* Copy Pods Resources */ = {
			isa = PBXShellScriptBuildPhase;
			buildActionMask = 2147483647;
			files = (
			);
			inputPaths = (
			);
			name = "Copy Pods Resources";
			outputPaths = (
			);
			runOnlyForDeploymentPostprocessing = 0;
			shellPath = /bin/sh;
			shellScript = "\"${SRCROOT}/Pods/Pods-resources.sh\"\n";
			showEnvVarsInLog = 0;
		};
		7540210A190F0CC800C19DF9 /* Generate Storyboard ID Constants */ = {
			isa = PBXShellScriptBuildPhase;
			buildActionMask = 2147483647;
			files = (
			);
			inputPaths = (
				"$(SRCROOT)/DateAppClickableDemo/Base.lproj/Main.storyboard",
			);
			name = "Generate Storyboard ID Constants";
			outputPaths = (
				"$(PROJECT_DIR)/DateAppClickableDemo/generated/TWStoryboardIdentifiers.h",
				"$(PROJECT_DIR)/DateAppClickableDemo/generated/TWStoryboardIdentifiers.m",
			);
			runOnlyForDeploymentPostprocessing = 0;
			shellPath = /bin/sh;
			shellScript = "mkdir -p \"${PROJECT_DIR}/DateAppClickableDemo/generated\"\npython \"${PROJECT_DIR}/Scripts/generate_constants.py\" \"${SCRIPT_OUTPUT_FILE_0}\" \"${SCRIPT_OUTPUT_FILE_1}\"";
			showEnvVarsInLog = 0;
		};
		7588976B190DC31900630D9D /* Display unfinished TODOs and FIXMEs as compiler warnings */ = {
			isa = PBXShellScriptBuildPhase;
			buildActionMask = 12;
			files = (
			);
			inputPaths = (
			);
			name = "Display unfinished TODOs and FIXMEs as compiler warnings";
			outputPaths = (
			);
			runOnlyForDeploymentPostprocessing = 0;
			shellPath = /bin/sh;
			shellScript = "TAGS=\"TODO:|FIXME:\"\necho \"searching ${SRCROOT} for ${TAGS}\"\nfind \"${SRCROOT}\" \\( -name \"*.h\" -or -name \"*.m\" \\) -print0 | xargs -0 egrep --with-filename --line-number --only-matching \"($TAGS).*\\$\" | perl -p -e \"s/($TAGS)/ warning: \\$1/\"";
		};
		7588976E190DC4B100630D9D /* Set Build Version Number based on number of new commits */ = {
			isa = PBXShellScriptBuildPhase;
			buildActionMask = 8;
			files = (
			);
			inputPaths = (
			);
			name = "Set Build Version Number based on number of new commits";
			outputPaths = (
			);
			runOnlyForDeploymentPostprocessing = 1;
			shellPath = /bin/sh;
			shellScript = "#Update build number with number of git commits\nbuildNumber=`git rev-list HEAD --count`\n/usr/libexec/PlistBuddy -c \"Set :CFBundleVersion $buildNumber\" \"${PROJECT_DIR}/${INFOPLIST_FILE}\"";
		};
		7588976F190DC5A100630D9D /* Create Icon with Version Number in It */ = {
			isa = PBXShellScriptBuildPhase;
			buildActionMask = 8;
			files = (
			);
			inputPaths = (
			);
			name = "Create Icon with Version Number in It";
			outputPaths = (
			);
			runOnlyForDeploymentPostprocessing = 1;
			shellPath = /bin/sh;
			shellScript = "export PATH=/opt/local/bin/:/opt/local/sbin:$PATH:/usr/local/bin:\n\nconvertPath=`which convert`\necho ${convertPath}\nif [[ ! -f ${convertPath} || -z ${convertPath} ]]; then\necho \"WARNING: Skipping Icon versioning, you need to install ImageMagick and ghostscript (fonts) first, you can use brew to simplify process:\nbrew install imagemagick\nbrew install ghostscript\"\nexit 0;\nfi\n\ncommit=`git rev-parse --short HEAD`\nbranch=`git rev-parse --abbrev-ref HEAD`\nversion=`/usr/libexec/PlistBuddy -c \"Print CFBundleVersion\" \"${INFOPLIST_FILE}\"`\nbuild_num=`git rev-list HEAD --count`\n\n#SRCROOT=..\n#CONFIGURATION_BUILD_DIR=.\n#UNLOCALIZED_RESOURCES_FOLDER_PATH=.\n\n#commit=\"3783bab\"\n#branch=\"master\"\n#version=\"3.4\"\n#build_num=\"9999\"\n\nshopt -s extglob\nbuild_num=\"${build_num##*( )}\"\nshopt -u extglob\ncaption=\"${version} ($build_num)\\n${branch}\\n${commit}\"\necho $caption\n\nfunction processIcon() {\n    base_file=$1\n    \n    cd \"${CONFIGURATION_BUILD_DIR}/${UNLOCALIZED_RESOURCES_FOLDER_PATH}\"\n    base_path=`find . -name ${base_file}`\n    \n    echo \"Processing $base_path\"\n    \n    if [[ ! -f ${base_path} || -z ${base_path} ]]; then\n    return;\n    fi\n    \n    target_file=$base_path\n    target_path=\"${CONFIGURATION_BUILD_DIR}/${UNLOCALIZED_RESOURCES_FOLDER_PATH}/${target_file}\"\n    \n    if [ $CONFIGURATION = \"Release\" ]; then\n    cp \"${base_path}\" \"$target_path\"\n    return 0;\n    fi\n    \n    echo \"Reverting optimized PNG to normal\"\n    # form a normalized png filename\n    base_tmp_normalizedFileName=\"${base_file%.*}-normalized.${base_file##*.}\"\n    base_tmp_path=`dirname $base_path`\n    base_tmp_normalizedFilePath=\"${base_tmp_path}/${base_tmp_normalizedFileName}\"\n    \n    # Normalize\n    echo \"xcrun -sdk iphoneos pngcrush -revert-iphone-optimizations -q $base_path $base_tmp_normalizedFilePath\"\n    xcrun -sdk iphoneos pngcrush -revert-iphone-optimizations -q \"$base_path\" \"$base_tmp_normalizedFilePath\"\n    \n    # Remove pngcrush png\n    echo \"Removing pngcrushed png file at $base_path\"\n    rm \"$base_path\"\n    \n    # Rename normalized png's filename to original one\n    echo \"Moving normalized png file to original one\"\n    mv \"$base_tmp_normalizedFilePath\" \"$base_path\"\n    \n    width=`identify -format %w ${base_path}`\n    height=`identify -format %h ${base_path}`\n    band_height=$((($height * 47) / 100))\n    band_position=$(($height - $band_height))\n    text_position=$(($band_position - 3))\n    point_size=$(((13 * $width) / 100))\n    \n    echo \"Image dimensions ($width x $height) - band height $band_height @ $band_position - point size $point_size\"\n    \n    #\n    # blur band and text\n    #\n    convert $base_path -blur 10x8 /tmp/blurred.png\n    convert /tmp/blurred.png -gamma 0 -fill white -draw \"rectangle 0,$band_position,$width,$height\" /tmp/mask.png\n    convert -size ${width}x${band_height} xc:none -fill 'rgba(0,0,0,0.2)' -draw \"rectangle 0,0,$width,$band_height\" /tmp/labels-base.png\n    convert -background none -size ${width}x${band_height} -pointsize $point_size -fill white -gravity center -gravity South caption:\"$caption\" /tmp/labels.png\n    \n    convert $base_path /tmp/blurred.png /tmp/mask.png -composite /tmp/temp.png\n    \n    rm /tmp/blurred.png\n    rm /tmp/mask.png\n    \n    #\n    # compose final image\n    #\n    filename=New$base_file\n    convert /tmp/temp.png /tmp/labels-base.png -geometry +0+$band_position -composite /tmp/labels.png -geometry +0+$text_position -geometry +${w}-${h} -composite \"$target_path\"\n    \n    # clean up\n    rm /tmp/temp.png\n    rm /tmp/labels-base.png\n    rm /tmp/labels.png\n    \n    echo \"Overlayed ${target_path}\"\n}\n\nicon_count=`/usr/libexec/PlistBuddy -c \"Print CFBundleIcons:CFBundlePrimaryIcon:CFBundleIconFiles\" \"${CONFIGURATION_BUILD_DIR}/${INFOPLIST_PATH}\" | wc -l`\nlast_icon_index=$((${icon_count} - 2))\n\ni=0\nwhile [  $i -lt $last_icon_index ]; do\nicon=`/usr/libexec/PlistBuddy -c \"Print CFBundleIcons:CFBundlePrimaryIcon:CFBundleIconFiles:$i\" \"${CONFIGURATION_BUILD_DIR}/${INFOPLIST_PATH}\"`\n\nif [[ $icon == *.png ]] || [[ $icon == *.PNG ]]\nthen\nprocessIcon $icon\nelse\nprocessIcon \"${icon}.png\"\nprocessIcon \"${icon}@2x.png\"\nfi\nlet i=i+1\ndone\n\n# Workaround to fix issue#16 to use wildcard * to actually find the file\n# Only 72x72 and 76x76 that we need for ipad app icons\nprocessIcon \"AppIcon72x72~ipad*\"\nprocessIcon \"AppIcon72x72@2x~ipad*\"\nprocessIcon \"AppIcon76x76~ipad*\"\nprocessIcon \"AppIcon76x76@2x~ipad*\"";
		};
/* End PBXShellScriptBuildPhase section */

/* Begin PBXSourcesBuildPhase section */
		7543996818E24EF500C667BD /* Sources */ = {
			isa = PBXSourcesBuildPhase;
			buildActionMask = 2147483647;
			files = (
				75B0B8A719223BBC00573BA4 /* AMAttributedHighlightLabel.m in Sources */,
				3C43DDBE191886CC00F35F65 /* SDWebImageDownloader.m in Sources */,
				3C29A4BE191846E700690140 /* TWCommentTableViewCell.m in Sources */,
				753668F918EA27EF005ACE73 /* TWFeedCell.m in Sources */,
				3C43DDC1191886CC00F35F65 /* SDWebImagePrefetcher.m in Sources */,
				3C29A4B81918389700690140 /* TWCommentViewController.m in Sources */,
				753668F318EA2538005ACE73 /* TWCreateTabViewController.m in Sources */,
				3C43DDC4191886CC00F35F65 /* UIImage+MultiFormat.m in Sources */,
				3C43DDC5191886CC00F35F65 /* UIImage+WebP.m in Sources */,
				3C29A4BB1918451700690140 /* TWTapGestureRecognizer.m in Sources */,
				752F477418EB5FF200EC038B /* TWUtility.m in Sources */,
				7543998618E24EF500C667BD /* TWFeedTabViewController.m in Sources */,
				7543998918E24EF500C667BD /* TWExploreTabViewController.m in Sources */,
				753668F618EA254C005ACE73 /* TWProfileTabViewController.m in Sources */,
				7560BBDF19207CF700D7CE8B /* TWConstants.m in Sources */,
				75F610F4190F1585007B7F8E /* NSURL+JBWBuilders.m in Sources */,
				3C43DDC6191886CC00F35F65 /* UIImageView+WebCache.m in Sources */,
				3C29A4B3191803B900690140 /* DAKeyboardControl.m in Sources */,
				753668FE18EA3A7B005ACE73 /* TWFeedItemModel.m in Sources */,
				75F610F3190F1585007B7F8E /* NSDate+JBWBuilders.m in Sources */,
				3C43DDBA191886CC00F35F65 /* NSData+ImageContentType.m in Sources */,
				7543997C18E24EF500C667BD /* main.m in Sources */,
				7543998018E24EF500C667BD /* TWAppDelegate.m in Sources */,
				3C43DDC0191886CC00F35F65 /* SDWebImageManager.m in Sources */,
				3C43DDBD191886CC00F35F65 /* SDWebImageDecoder.m in Sources */,
				3C43DDBF191886CC00F35F65 /* SDWebImageDownloaderOperation.m in Sources */,
				75F610F7190F50FA007B7F8E /* TWFeedDataSource.m in Sources */,
				3CB7BAB91914676800DDBD5C /* TWFeedTopCell.m in Sources */,
				3C43DDB9191886CC00F35F65 /* MKAnnotationView+WebCache.m in Sources */,
				3C43DDBC191886CC00F35F65 /* SDWebImageCompat.m in Sources */,
				3C4F135E191B1D9B005D09D2 /* TWCellFrameData.m in Sources */,
				3C43DDC2191886CC00F35F65 /* UIButton+WebCache.m in Sources */,
				3C43DDC3191886CC00F35F65 /* UIImage+GIF.m in Sources */,
				3C43DDBB191886CC00F35F65 /* SDImageCache.m in Sources */,
			);
			runOnlyForDeploymentPostprocessing = 0;
		};
		7543998C18E24EF500C667BD /* Sources */ = {
			isa = PBXSourcesBuildPhase;
			buildActionMask = 2147483647;
			files = (
				7543999E18E24EF500C667BD /* DateAppClickableDemoTests.m in Sources */,
			);
			runOnlyForDeploymentPostprocessing = 0;
		};
/* End PBXSourcesBuildPhase section */

/* Begin PBXTargetDependency section */
		7543999618E24EF500C667BD /* PBXTargetDependency */ = {
			isa = PBXTargetDependency;
			target = 7543996B18E24EF500C667BD /* DateAppClickableDemo */;
			targetProxy = 7543999518E24EF500C667BD /* PBXContainerItemProxy */;
		};
/* End PBXTargetDependency section */

/* Begin PBXVariantGroup section */
		7543997818E24EF500C667BD /* InfoPlist.strings */ = {
			isa = PBXVariantGroup;
			children = (
				7543997918E24EF500C667BD /* en */,
			);
			name = InfoPlist.strings;
			sourceTree = "<group>";
		};
		7543998118E24EF500C667BD /* Main.storyboard */ = {
			isa = PBXVariantGroup;
			children = (
				7543998218E24EF500C667BD /* Base */,
			);
			name = Main.storyboard;
			sourceTree = "<group>";
		};
		7543999A18E24EF500C667BD /* InfoPlist.strings */ = {
			isa = PBXVariantGroup;
			children = (
				7543999B18E24EF500C667BD /* en */,
			);
			name = InfoPlist.strings;
			sourceTree = "<group>";
		};
/* End PBXVariantGroup section */

/* Begin XCBuildConfiguration section */
		7543999F18E24EF600C667BD /* Debug */ = {
			isa = XCBuildConfiguration;
			buildSettings = {
				ALWAYS_SEARCH_USER_PATHS = NO;
				ARCHS = "$(ARCHS_STANDARD)";
				CLANG_CXX_LANGUAGE_STANDARD = "gnu++0x";
				CLANG_CXX_LIBRARY = "libc++";
				CLANG_ENABLE_MODULES = YES;
				CLANG_ENABLE_OBJC_ARC = YES;
				CLANG_WARN_BOOL_CONVERSION = YES;
				CLANG_WARN_CONSTANT_CONVERSION = YES;
				CLANG_WARN_DIRECT_OBJC_ISA_USAGE = YES_ERROR;
				CLANG_WARN_EMPTY_BODY = YES;
				CLANG_WARN_ENUM_CONVERSION = YES;
				CLANG_WARN_INT_CONVERSION = YES;
				CLANG_WARN_OBJC_ROOT_CLASS = YES_ERROR;
				CLANG_WARN__DUPLICATE_METHOD_MATCH = YES;
				"CODE_SIGN_IDENTITY[sdk=iphoneos*]" = "iPhone Developer";
				COPY_PHASE_STRIP = NO;
				GCC_C_LANGUAGE_STANDARD = gnu99;
				GCC_DYNAMIC_NO_PIC = NO;
				GCC_OPTIMIZATION_LEVEL = 0;
				GCC_PREPROCESSOR_DEFINITIONS = (
					"DEBUG=1",
					"$(inherited)",
				);
				GCC_SYMBOLS_PRIVATE_EXTERN = NO;
				GCC_WARN_64_TO_32_BIT_CONVERSION = YES;
				GCC_WARN_ABOUT_RETURN_TYPE = YES_ERROR;
				GCC_WARN_UNDECLARED_SELECTOR = YES;
				GCC_WARN_UNINITIALIZED_AUTOS = YES_AGGRESSIVE;
				GCC_WARN_UNUSED_FUNCTION = YES;
				GCC_WARN_UNUSED_VARIABLE = YES;
				IPHONEOS_DEPLOYMENT_TARGET = 7.1;
				ONLY_ACTIVE_ARCH = YES;
				OTHER_LDFLAGS = "-ObjC";
				SDKROOT = iphoneos;
				VALID_ARCHS = "armv7 armv7s arm64";
			};
			name = Debug;
		};
		754399A018E24EF600C667BD /* Release */ = {
			isa = XCBuildConfiguration;
			buildSettings = {
				ALWAYS_SEARCH_USER_PATHS = NO;
				ARCHS = "$(ARCHS_STANDARD)";
				CLANG_CXX_LANGUAGE_STANDARD = "gnu++0x";
				CLANG_CXX_LIBRARY = "libc++";
				CLANG_ENABLE_MODULES = YES;
				CLANG_ENABLE_OBJC_ARC = YES;
				CLANG_WARN_BOOL_CONVERSION = YES;
				CLANG_WARN_CONSTANT_CONVERSION = YES;
				CLANG_WARN_DIRECT_OBJC_ISA_USAGE = YES_ERROR;
				CLANG_WARN_EMPTY_BODY = YES;
				CLANG_WARN_ENUM_CONVERSION = YES;
				CLANG_WARN_INT_CONVERSION = YES;
				CLANG_WARN_OBJC_ROOT_CLASS = YES_ERROR;
				CLANG_WARN__DUPLICATE_METHOD_MATCH = YES;
				"CODE_SIGN_IDENTITY[sdk=iphoneos*]" = "iPhone Developer";
				COPY_PHASE_STRIP = YES;
				ENABLE_NS_ASSERTIONS = NO;
				GCC_C_LANGUAGE_STANDARD = gnu99;
				GCC_WARN_64_TO_32_BIT_CONVERSION = YES;
				GCC_WARN_ABOUT_RETURN_TYPE = YES_ERROR;
				GCC_WARN_UNDECLARED_SELECTOR = YES;
				GCC_WARN_UNINITIALIZED_AUTOS = YES_AGGRESSIVE;
				GCC_WARN_UNUSED_FUNCTION = YES;
				GCC_WARN_UNUSED_VARIABLE = YES;
				IPHONEOS_DEPLOYMENT_TARGET = 7.1;
				OTHER_LDFLAGS = "-ObjC";
				SDKROOT = iphoneos;
				VALIDATE_PRODUCT = YES;
				VALID_ARCHS = "armv7 armv7s arm64";
			};
			name = Release;
		};
		754399A218E24EF600C667BD /* Debug */ = {
			isa = XCBuildConfiguration;
			baseConfigurationReference = 95662B69D2CD451F97A4C8DD /* Pods.xcconfig */;
			buildSettings = {
				ASSETCATALOG_COMPILER_APPICON_NAME = AppIcon;
				ASSETCATALOG_COMPILER_LAUNCHIMAGE_NAME = LaunchImage;
				FRAMEWORK_SEARCH_PATHS = (
					"$(inherited)",
					"$(PROJECT_DIR)",
				);
				GCC_PRECOMPILE_PREFIX_HEADER = YES;
				GCC_PREFIX_HEADER = "DateAppClickableDemo/DateAppClickableDemo-Prefix.pch";
				HEADER_SEARCH_PATHS = (
					"\"${PODS_ROOT}/Headers\"",
					"\"${PODS_ROOT}/Headers/YLMoment\"",
					"Submodules/GPUImage/framework/**",
				);
				INFOPLIST_FILE = "DateAppClickableDemo/DateAppClickableDemo-Info.plist";
				IPHONEOS_DEPLOYMENT_TARGET = 7.1;
				OTHER_LDFLAGS = (
					"-framework",
					Foundation,
				);
				PRODUCT_NAME = "$(TARGET_NAME)";
				WRAPPER_EXTENSION = app;
			};
			name = Debug;
		};
		754399A318E24EF600C667BD /* Release */ = {
			isa = XCBuildConfiguration;
			baseConfigurationReference = 95662B69D2CD451F97A4C8DD /* Pods.xcconfig */;
			buildSettings = {
				ASSETCATALOG_COMPILER_APPICON_NAME = AppIcon;
				ASSETCATALOG_COMPILER_LAUNCHIMAGE_NAME = LaunchImage;
				FRAMEWORK_SEARCH_PATHS = (
					"$(inherited)",
					"$(PROJECT_DIR)",
				);
				GCC_PRECOMPILE_PREFIX_HEADER = YES;
				GCC_PREFIX_HEADER = "DateAppClickableDemo/DateAppClickableDemo-Prefix.pch";
				HEADER_SEARCH_PATHS = (
					"\"${PODS_ROOT}/Headers\"",
					"\"${PODS_ROOT}/Headers/YLMoment\"",
					"Submodules/GPUImage/framework/**",
				);
				INFOPLIST_FILE = "DateAppClickableDemo/DateAppClickableDemo-Info.plist";
				IPHONEOS_DEPLOYMENT_TARGET = 7.1;
				OTHER_LDFLAGS = (
					"-framework",
					Foundation,
				);
				PRODUCT_NAME = "$(TARGET_NAME)";
				WRAPPER_EXTENSION = app;
			};
			name = Release;
		};
		754399A518E24EF600C667BD /* Debug */ = {
			isa = XCBuildConfiguration;
			buildSettings = {
				BUNDLE_LOADER = "$(BUILT_PRODUCTS_DIR)/DateAppClickableDemo.app/DateAppClickableDemo";
				FRAMEWORK_SEARCH_PATHS = (
					"$(SDKROOT)/Developer/Library/Frameworks",
					"$(inherited)",
					"$(DEVELOPER_FRAMEWORKS_DIR)",
				);
				GCC_PRECOMPILE_PREFIX_HEADER = YES;
				GCC_PREFIX_HEADER = "DateAppClickableDemo/DateAppClickableDemo-Prefix.pch";
				GCC_PREPROCESSOR_DEFINITIONS = (
					"DEBUG=1",
					"$(inherited)",
				);
				INFOPLIST_FILE = "DateAppClickableDemoTests/DateAppClickableDemoTests-Info.plist";
				PRODUCT_NAME = "$(TARGET_NAME)";
				TEST_HOST = "$(BUNDLE_LOADER)";
				WRAPPER_EXTENSION = xctest;
			};
			name = Debug;
		};
		754399A618E24EF600C667BD /* Release */ = {
			isa = XCBuildConfiguration;
			buildSettings = {
				BUNDLE_LOADER = "$(BUILT_PRODUCTS_DIR)/DateAppClickableDemo.app/DateAppClickableDemo";
				FRAMEWORK_SEARCH_PATHS = (
					"$(SDKROOT)/Developer/Library/Frameworks",
					"$(inherited)",
					"$(DEVELOPER_FRAMEWORKS_DIR)",
				);
				GCC_PRECOMPILE_PREFIX_HEADER = YES;
				GCC_PREFIX_HEADER = "DateAppClickableDemo/DateAppClickableDemo-Prefix.pch";
				INFOPLIST_FILE = "DateAppClickableDemoTests/DateAppClickableDemoTests-Info.plist";
				PRODUCT_NAME = "$(TARGET_NAME)";
				TEST_HOST = "$(BUNDLE_LOADER)";
				WRAPPER_EXTENSION = xctest;
			};
			name = Release;
		};
/* End XCBuildConfiguration section */

/* Begin XCConfigurationList section */
		7543996718E24EF500C667BD /* Build configuration list for PBXProject "DateAppClickableDemo" */ = {
			isa = XCConfigurationList;
			buildConfigurations = (
				7543999F18E24EF600C667BD /* Debug */,
				754399A018E24EF600C667BD /* Release */,
			);
			defaultConfigurationIsVisible = 0;
			defaultConfigurationName = Release;
		};
		754399A118E24EF600C667BD /* Build configuration list for PBXNativeTarget "DateAppClickableDemo" */ = {
			isa = XCConfigurationList;
			buildConfigurations = (
				754399A218E24EF600C667BD /* Debug */,
				754399A318E24EF600C667BD /* Release */,
			);
			defaultConfigurationIsVisible = 0;
			defaultConfigurationName = Release;
		};
		754399A418E24EF600C667BD /* Build configuration list for PBXNativeTarget "DateAppClickableDemoTests" */ = {
			isa = XCConfigurationList;
			buildConfigurations = (
				754399A518E24EF600C667BD /* Debug */,
				754399A618E24EF600C667BD /* Release */,
			);
			defaultConfigurationIsVisible = 0;
			defaultConfigurationName = Release;
		};
/* End XCConfigurationList section */
	};
	rootObject = 7543996418E24EF500C667BD /* Project object */;
}
